
Microsoft Visual Studio Solution File, Format Version 12.00
# Visual Studio Version 17
VisualStudioVersion = 17.14.36518.9
MinimumVisualStudioVersion = 10.0.40219.1
Project("{FAE04EC0-301F-11D3-BF4B-00C04F79EFBC}") = "AgenteServiciosPlanificacion", "AgenteServiciosPlanificacion\AgenteServiciosPlanificacion.csproj", "{4233D3E6-E13C-4982-862B-2C855611DF95}"
EndProject
Project("{FAE04EC0-301F-11D3-BF4B-00C04F79EFBC}") = "UNIVidaNetPlanificacion", "UNIVidaNetPlanificacion\UNIVidaNetPlanificacion.csproj", "{D273022F-93C9-48E1-9E43-DE95752C5D6E}"
EndProject
Global
	GlobalSection(SolutionConfigurationPlatforms) = preSolution
		Debug|Any CPU = Debug|Any CPU
		Release|Any CPU = Release|Any CPU
	EndGlobalSection
	GlobalSection(ProjectConfigurationPlatforms) = postSolution
		{4233D3E6-E13C-4982-862B-2C855611DF95}.Debug|Any CPU.ActiveCfg = Debug|Any CPU
		{4233D3E6-E13C-4982-862B-2C855611DF95}.Debug|Any CPU.Build.0 = Debug|Any CPU
		{4233D3E6-E13C-4982-862B-2C855611DF95}.Release|Any CPU.ActiveCfg = Release|Any CPU
		{4233D3E6-E13C-4982-862B-2C855611DF95}.Release|Any CPU.Build.0 = Release|Any CPU
		{D273022F-93C9-48E1-9E43-DE95752C5D6E}.Debug|Any CPU.ActiveCfg = Debug|Any CPU
		{D273022F-93C9-48E1-9E43-DE95752C5D6E}.Debug|Any CPU.Build.0 = Debug|Any CPU
		{D273022F-93C9-48E1-9E43-DE95752C5D6E}.Release|Any CPU.ActiveCfg = Release|Any CPU
		{D273022F-93C9-48E1-9E43-DE95752C5D6E}.Release|Any CPU.Build.0 = Release|Any CPU
	EndGlobalSection
	GlobalSection(SolutionProperties) = preSolution
		HideSolutionNode = FALSE
	EndGlobalSection
	GlobalSection(ExtensibilityGlobals) = postSolution
		SolutionGuid = {E236A50E-1C5A-4A4F-8B7E-0DCE7533C345}
	EndGlobalSection
EndGlobal
